// !$*UTF8*$!
{
	archiveVersion = 1;
	classes = {
	};
	objectVersion = 46;
	objects = {

/* Begin PBXBuildFile section */
		18057D4B8B9BA877A95D95DB /* Pods_HexagonalMapBasicTests.framework in Frameworks */ = {isa = PBXBuildFile; fileRef = 97D5E67FFF0289FA0AFF4DD4 /* Pods_HexagonalMapBasicTests.framework */; };
		1A153D9D1E56E39300F11812 /* TransitionSpriteNode.swift in Sources */ = {isa = PBXBuildFile; fileRef = 1A153D9C1E56E39300F11812 /* TransitionSpriteNode.swift */; };
		1A355B291E5345A3006469B3 /* Features.xcassets in Resources */ = {isa = PBXBuildFile; fileRef = 1A355B281E5345A3006469B3 /* Features.xcassets */; };
		1A355B2B1E535BD7006469B3 /* Tiles.xcassets in Resources */ = {isa = PBXBuildFile; fileRef = 1A355B2A1E535BD7006469B3 /* Tiles.xcassets */; };
		1A355B2D1E546B00006469B3 /* GridSpriteNode.swift in Sources */ = {isa = PBXBuildFile; fileRef = 1A355B2C1E546B00006469B3 /* GridSpriteNode.swift */; };
		1A355B301E55DBD7006469B3 /* TerrainTransitionManager.swift in Sources */ = {isa = PBXBuildFile; fileRef = 1A355B2F1E55DBD7006469B3 /* TerrainTransitionManager.swift */; };
		1A355B321E55E3D7006469B3 /* Animations.xcassets in Resources */ = {isa = PBXBuildFile; fileRef = 1A355B311E55E3D7006469B3 /* Animations.xcassets */; };
		1A355B341E55E860006469B3 /* TerrainSpriteNode.swift in Sources */ = {isa = PBXBuildFile; fileRef = 1A355B331E55E860006469B3 /* TerrainSpriteNode.swift */; };
		1A355B361E55F04F006469B3 /* FeatureSpriteNode.swift in Sources */ = {isa = PBXBuildFile; fileRef = 1A355B351E55F04F006469B3 /* FeatureSpriteNode.swift */; };
		1A4B38901E4BBAD400FA7457 /* GameScene.swift in Sources */ = {isa = PBXBuildFile; fileRef = 1A4B388F1E4BBAD400FA7457 /* GameScene.swift */; };
		1A4B38921E4BBC9100FA7457 /* Terrain.xcassets in Resources */ = {isa = PBXBuildFile; fileRef = 1A4B38911E4BBC9100FA7457 /* Terrain.xcassets */; };
		1A4B38951E4C67EC00FA7457 /* Grid.swift in Sources */ = {isa = PBXBuildFile; fileRef = 1A4B38941E4C67EC00FA7457 /* Grid.swift */; };
		1A4B38971E4C688700FA7457 /* Terrain.swift in Sources */ = {isa = PBXBuildFile; fileRef = 1A4B38961E4C688700FA7457 /* Terrain.swift */; };
		1A4B38A71E4C7A7D00FA7457 /* GridTests.swift in Sources */ = {isa = PBXBuildFile; fileRef = 1A4B38A61E4C7A7D00FA7457 /* GridTests.swift */; };
		1A4B38A81E4C7B2C00FA7457 /* Grid.swift in Sources */ = {isa = PBXBuildFile; fileRef = 1A4B38941E4C67EC00FA7457 /* Grid.swift */; };
		1A4B38A91E4C7B4B00FA7457 /* Terrain.swift in Sources */ = {isa = PBXBuildFile; fileRef = 1A4B38961E4C688700FA7457 /* Terrain.swift */; };
		1A4B38AB1E4CAF9600FA7457 /* GridPoint.swift in Sources */ = {isa = PBXBuildFile; fileRef = 1A4B38AA1E4CAF9600FA7457 /* GridPoint.swift */; };
		1A4B38AC1E4CAF9600FA7457 /* GridPoint.swift in Sources */ = {isa = PBXBuildFile; fileRef = 1A4B38AA1E4CAF9600FA7457 /* GridPoint.swift */; };
		1A57CA921E5D8E0400348FDD /* Game.swift in Sources */ = {isa = PBXBuildFile; fileRef = 1A57CA911E5D8E0400348FDD /* Game.swift */; };
		1A57CA941E5DB42B00348FDD /* Map.swift in Sources */ = {isa = PBXBuildFile; fileRef = 1A57CA931E5DB42B00348FDD /* Map.swift */; };
		1A57CA961E5DB7F800348FDD /* MapTests.swift in Sources */ = {isa = PBXBuildFile; fileRef = 1A57CA951E5DB7F800348FDD /* MapTests.swift */; };
		1A57CA971E5DBB4600348FDD /* Map.swift in Sources */ = {isa = PBXBuildFile; fileRef = 1A57CA931E5DB42B00348FDD /* Map.swift */; };
		1A57CA981E5DBF9000348FDD /* Game.swift in Sources */ = {isa = PBXBuildFile; fileRef = 1A57CA911E5D8E0400348FDD /* Game.swift */; };
		1A57CA9C1E5DE65800348FDD /* City.swift in Sources */ = {isa = PBXBuildFile; fileRef = 1A57CA9B1E5DE65800348FDD /* City.swift */; };
		1A57CA9D1E5DE65B00348FDD /* Unit.swift in Sources */ = {isa = PBXBuildFile; fileRef = 1A57CA991E5DE64000348FDD /* Unit.swift */; };
		1A57CA9F1E5DE67800348FDD /* TileImprovement.swift in Sources */ = {isa = PBXBuildFile; fileRef = 1A57CA9E1E5DE67800348FDD /* TileImprovement.swift */; };
		1A57CAA11E5DE83100348FDD /* MapItem.swift in Sources */ = {isa = PBXBuildFile; fileRef = 1A57CAA01E5DE83100348FDD /* MapItem.swift */; };
		1A57CAA21E5DE86A00348FDD /* Unit.swift in Sources */ = {isa = PBXBuildFile; fileRef = 1A57CA991E5DE64000348FDD /* Unit.swift */; };
		1A57CAA31E5DE86D00348FDD /* City.swift in Sources */ = {isa = PBXBuildFile; fileRef = 1A57CA9B1E5DE65800348FDD /* City.swift */; };
		1A57CAA41E5DE87000348FDD /* TileImprovement.swift in Sources */ = {isa = PBXBuildFile; fileRef = 1A57CA9E1E5DE67800348FDD /* TileImprovement.swift */; };
		1A57CAA51E5DE87200348FDD /* MapItem.swift in Sources */ = {isa = PBXBuildFile; fileRef = 1A57CAA01E5DE83100348FDD /* MapItem.swift */; };
		1AA7B3751E4DC99200104C91 /* GridPointDirectionTests.swift in Sources */ = {isa = PBXBuildFile; fileRef = 1AA7B3741E4DC99200104C91 /* GridPointDirectionTests.swift */; };
		1AA7B3771E4DEB9200104C91 /* GridPointTests.swift in Sources */ = {isa = PBXBuildFile; fileRef = 1AA7B3761E4DEB9200104C91 /* GridPointTests.swift */; };
		1AA7B37A1E4DF69900104C91 /* PathfinderDataSource.swift in Sources */ = {isa = PBXBuildFile; fileRef = 1AA7B3791E4DF69900104C91 /* PathfinderDataSource.swift */; };
		1AA7B37C1E4DF6D500104C91 /* AStarPathfinder.swift in Sources */ = {isa = PBXBuildFile; fileRef = 1AA7B37B1E4DF6D500104C91 /* AStarPathfinder.swift */; };
		1AA7B37E1E4DFF7000104C91 /* AStarPathfinderTests.swift in Sources */ = {isa = PBXBuildFile; fileRef = 1AA7B37D1E4DFF7000104C91 /* AStarPathfinderTests.swift */; };
		1AA7B37F1E4E00B800104C91 /* AStarPathfinder.swift in Sources */ = {isa = PBXBuildFile; fileRef = 1AA7B37B1E4DF6D500104C91 /* AStarPathfinder.swift */; };
		1AA7B3801E4E00BB00104C91 /* PathfinderDataSource.swift in Sources */ = {isa = PBXBuildFile; fileRef = 1AA7B3791E4DF69900104C91 /* PathfinderDataSource.swift */; };
		1AA7B3831E51BC3400104C91 /* GridGenerator.swift in Sources */ = {isa = PBXBuildFile; fileRef = 1AA7B3821E51BC3400104C91 /* GridGenerator.swift */; };
		1AA7B3851E51C2BC00104C91 /* Array2DTest.swift in Sources */ = {isa = PBXBuildFile; fileRef = 1AA7B3841E51C2BC00104C91 /* Array2DTest.swift */; };
		1AA7B3881E51C2F900104C91 /* Array2D.swift in Sources */ = {isa = PBXBuildFile; fileRef = 1AA7B3871E51C2F900104C91 /* Array2D.swift */; };
		1AA7B3891E51C2F900104C91 /* Array2D.swift in Sources */ = {isa = PBXBuildFile; fileRef = 1AA7B3871E51C2F900104C91 /* Array2D.swift */; };
		1AA8466E1E5AFEF300D3A947 /* MapViewController.swift in Sources */ = {isa = PBXBuildFile; fileRef = 1AA8466D1E5AFEF300D3A947 /* MapViewController.swift */; };
		1AA846701E5B016E00D3A947 /* MapTile.xcassets in Resources */ = {isa = PBXBuildFile; fileRef = 1AA8466F1E5B016E00D3A947 /* MapTile.xcassets */; };
		1AA846731E5B1BD900D3A947 /* Map01.plist in Resources */ = {isa = PBXBuildFile; fileRef = 1AA846721E5B1BD900D3A947 /* Map01.plist */; };
		1AA846751E5B1BF100D3A947 /* Maps.plist in Resources */ = {isa = PBXBuildFile; fileRef = 1AA846741E5B1BF100D3A947 /* Maps.plist */; };
		1AA846771E5B1C9C00D3A947 /* Map02.plist in Resources */ = {isa = PBXBuildFile; fileRef = 1AA846761E5B1C9C00D3A947 /* Map02.plist */; };
		1AA8467A1E5C8A4900D3A947 /* Game01.json in Resources */ = {isa = PBXBuildFile; fileRef = 1AA846791E5C8A4900D3A947 /* Game01.json */; };
		1AB7EBD41E4D091A00594922 /* teaser.png in Resources */ = {isa = PBXBuildFile; fileRef = 1AB7EBD31E4D091A00594922 /* teaser.png */; };
		1AB7EBD61E4D0CD400594922 /* button.png in Resources */ = {isa = PBXBuildFile; fileRef = 1AB7EBD51E4D0CD400594922 /* button.png */; };
		1AB7EBD81E4DB82900594922 /* GridPointDirection.swift in Sources */ = {isa = PBXBuildFile; fileRef = 1AB7EBD71E4DB82900594922 /* GridPointDirection.swift */; };
		1AB7EBD91E4DB82900594922 /* GridPointDirection.swift in Sources */ = {isa = PBXBuildFile; fileRef = 1AB7EBD71E4DB82900594922 /* GridPointDirection.swift */; };
		1ACCA0011E60577D00E539DD /* defeat.png in Resources */ = {isa = PBXBuildFile; fileRef = 1ACC9FFF1E60577D00E539DD /* defeat.png */; };
		1ACCA0021E60577D00E539DD /* victory.png in Resources */ = {isa = PBXBuildFile; fileRef = 1ACCA0001E60577D00E539DD /* victory.png */; };
		1ACCA0041E6057E700E539DD /* button-left-bottom.png in Resources */ = {isa = PBXBuildFile; fileRef = 1ACCA0031E6057E700E539DD /* button-left-bottom.png */; };
		1ACCA0061E60761D00E539DD /* Player.swift in Sources */ = {isa = PBXBuildFile; fileRef = 1ACCA0051E60761D00E539DD /* Player.swift */; };
		1ACCA0081E60792C00E539DD /* GameStatisticsTests.swift in Sources */ = {isa = PBXBuildFile; fileRef = 1ACCA0071E60792C00E539DD /* GameStatisticsTests.swift */; };
		1ACCA0091E607E2100E539DD /* Player.swift in Sources */ = {isa = PBXBuildFile; fileRef = 1ACCA0051E60761D00E539DD /* Player.swift */; };
		1ADE279F1E48B8EC001F44FF /* MenuViewController.swift in Sources */ = {isa = PBXBuildFile; fileRef = 1ADE279E1E48B8EC001F44FF /* MenuViewController.swift */; };
		1ADE27A21E48BAB3001F44FF /* UIViewController+Storyboard.swift in Sources */ = {isa = PBXBuildFile; fileRef = 1ADE27A11E48BAB3001F44FF /* UIViewController+Storyboard.swift */; };
		1AEE6C4D1E51FFE600537D1D /* GridGeneratorTests.swift in Sources */ = {isa = PBXBuildFile; fileRef = 1AEE6C4C1E51FFE600537D1D /* GridGeneratorTests.swift */; };
		1AEE6C4E1E51FFEA00537D1D /* GridGenerator.swift in Sources */ = {isa = PBXBuildFile; fileRef = 1AA7B3821E51BC3400104C91 /* GridGenerator.swift */; };
		1AEE6C501E520EF800537D1D /* PerlinGenerator.swift in Sources */ = {isa = PBXBuildFile; fileRef = 1AEE6C4F1E520EF800537D1D /* PerlinGenerator.swift */; };
		1AEE6C511E520EF800537D1D /* PerlinGenerator.swift in Sources */ = {isa = PBXBuildFile; fileRef = 1AEE6C4F1E520EF800537D1D /* PerlinGenerator.swift */; };
		1AEE6C531E5316E300537D1D /* Feature.swift in Sources */ = {isa = PBXBuildFile; fileRef = 1AEE6C521E5316E300537D1D /* Feature.swift */; };
		1AEE6C541E5316E300537D1D /* Feature.swift in Sources */ = {isa = PBXBuildFile; fileRef = 1AEE6C521E5316E300537D1D /* Feature.swift */; };
		1AEE6C561E531BBF00537D1D /* Tile.swift in Sources */ = {isa = PBXBuildFile; fileRef = 1AEE6C551E531BBF00537D1D /* Tile.swift */; };
		1AEE6C571E531BBF00537D1D /* Tile.swift in Sources */ = {isa = PBXBuildFile; fileRef = 1AEE6C551E531BBF00537D1D /* Tile.swift */; };
		4D15C2891D442302007A5EE2 /* AppDelegate.swift in Sources */ = {isa = PBXBuildFile; fileRef = 4D15C2881D442302007A5EE2 /* AppDelegate.swift */; };
		4D15C2911D442302007A5EE2 /* GameViewController.swift in Sources */ = {isa = PBXBuildFile; fileRef = 4D15C2901D442302007A5EE2 /* GameViewController.swift */; };
		4D15C2941D442302007A5EE2 /* Main.storyboard in Resources */ = {isa = PBXBuildFile; fileRef = 4D15C2921D442302007A5EE2 /* Main.storyboard */; };
		4D15C2961D442302007A5EE2 /* Assets.xcassets in Resources */ = {isa = PBXBuildFile; fileRef = 4D15C2951D442302007A5EE2 /* Assets.xcassets */; };
		4D15C2991D442302007A5EE2 /* LaunchScreen.storyboard in Resources */ = {isa = PBXBuildFile; fileRef = 4D15C2971D442302007A5EE2 /* LaunchScreen.storyboard */; };
		F510CBA54A1C0453AACE31AC /* Pods_HexagonalMapBasic.framework in Frameworks */ = {isa = PBXBuildFile; fileRef = 22AA1275C9994E5D58C36935 /* Pods_HexagonalMapBasic.framework */; };
/* End PBXBuildFile section */

/* Begin PBXContainerItemProxy section */
		1A4B38A11E4C7A5600FA7457 /* PBXContainerItemProxy */ = {
			isa = PBXContainerItemProxy;
			containerPortal = 4D15C27D1D442302007A5EE2 /* Project object */;
			proxyType = 1;
			remoteGlobalIDString = 4D15C2841D442302007A5EE2;
			remoteInfo = HexagonalMapBasic;
		};
/* End PBXContainerItemProxy section */

/* Begin PBXFileReference section */
		1A153D9C1E56E39300F11812 /* TransitionSpriteNode.swift */ = {isa = PBXFileReference; fileEncoding = 4; lastKnownFileType = sourcecode.swift; name = TransitionSpriteNode.swift; path = Scenes/TransitionSpriteNode.swift; sourceTree = "<group>"; };
		1A355B281E5345A3006469B3 /* Features.xcassets */ = {isa = PBXFileReference; lastKnownFileType = folder.assetcatalog; name = Features.xcassets; path = Resources/Features.xcassets; sourceTree = "<group>"; };
		1A355B2A1E535BD7006469B3 /* Tiles.xcassets */ = {isa = PBXFileReference; lastKnownFileType = folder.assetcatalog; name = Tiles.xcassets; path = Resources/Tiles.xcassets; sourceTree = "<group>"; };
		1A355B2C1E546B00006469B3 /* GridSpriteNode.swift */ = {isa = PBXFileReference; fileEncoding = 4; lastKnownFileType = sourcecode.swift; name = GridSpriteNode.swift; path = Scenes/GridSpriteNode.swift; sourceTree = "<group>"; };
		1A355B2F1E55DBD7006469B3 /* TerrainTransitionManager.swift */ = {isa = PBXFileReference; fileEncoding = 4; lastKnownFileType = sourcecode.swift; name = TerrainTransitionManager.swift; path = Game/Templating/TerrainTransitionManager.swift; sourceTree = "<group>"; };
		1A355B311E55E3D7006469B3 /* Animations.xcassets */ = {isa = PBXFileReference; lastKnownFileType = folder.assetcatalog; name = Animations.xcassets; path = Resources/Animations.xcassets; sourceTree = "<group>"; };
		1A355B331E55E860006469B3 /* TerrainSpriteNode.swift */ = {isa = PBXFileReference; fileEncoding = 4; lastKnownFileType = sourcecode.swift; name = TerrainSpriteNode.swift; path = Scenes/TerrainSpriteNode.swift; sourceTree = "<group>"; };
		1A355B351E55F04F006469B3 /* FeatureSpriteNode.swift */ = {isa = PBXFileReference; fileEncoding = 4; lastKnownFileType = sourcecode.swift; name = FeatureSpriteNode.swift; path = Scenes/FeatureSpriteNode.swift; sourceTree = "<group>"; };
		1A4B388F1E4BBAD400FA7457 /* GameScene.swift */ = {isa = PBXFileReference; fileEncoding = 4; lastKnownFileType = sourcecode.swift; name = GameScene.swift; path = Scenes/GameScene.swift; sourceTree = "<group>"; };
		1A4B38911E4BBC9100FA7457 /* Terrain.xcassets */ = {isa = PBXFileReference; lastKnownFileType = folder.assetcatalog; name = Terrain.xcassets; path = Resources/Terrain.xcassets; sourceTree = "<group>"; };
		1A4B38941E4C67EC00FA7457 /* Grid.swift */ = {isa = PBXFileReference; fileEncoding = 4; lastKnownFileType = sourcecode.swift; name = Grid.swift; path = Game/Grid.swift; sourceTree = "<group>"; };
		1A4B38961E4C688700FA7457 /* Terrain.swift */ = {isa = PBXFileReference; fileEncoding = 4; lastKnownFileType = sourcecode.swift; name = Terrain.swift; path = Game/Terrain.swift; sourceTree = "<group>"; };
		1A4B389C1E4C7A5600FA7457 /* HexagonalMapBasicTests.xctest */ = {isa = PBXFileReference; explicitFileType = wrapper.cfbundle; includeInIndex = 0; path = HexagonalMapBasicTests.xctest; sourceTree = BUILT_PRODUCTS_DIR; };
		1A4B38A01E4C7A5600FA7457 /* Info.plist */ = {isa = PBXFileReference; lastKnownFileType = text.plist.xml; path = Info.plist; sourceTree = "<group>"; };
		1A4B38A61E4C7A7D00FA7457 /* GridTests.swift */ = {isa = PBXFileReference; fileEncoding = 4; lastKnownFileType = sourcecode.swift; path = GridTests.swift; sourceTree = "<group>"; };
		1A4B38AA1E4CAF9600FA7457 /* GridPoint.swift */ = {isa = PBXFileReference; fileEncoding = 4; lastKnownFileType = sourcecode.swift; name = GridPoint.swift; path = Game/GridPoint.swift; sourceTree = "<group>"; };
		1A57CA911E5D8E0400348FDD /* Game.swift */ = {isa = PBXFileReference; fileEncoding = 4; lastKnownFileType = sourcecode.swift; name = Game.swift; path = Game/Game.swift; sourceTree = "<group>"; };
		1A57CA931E5DB42B00348FDD /* Map.swift */ = {isa = PBXFileReference; fileEncoding = 4; lastKnownFileType = sourcecode.swift; name = Map.swift; path = Game/Map.swift; sourceTree = "<group>"; };
		1A57CA951E5DB7F800348FDD /* MapTests.swift */ = {isa = PBXFileReference; fileEncoding = 4; lastKnownFileType = sourcecode.swift; path = MapTests.swift; sourceTree = "<group>"; };
		1A57CA991E5DE64000348FDD /* Unit.swift */ = {isa = PBXFileReference; fileEncoding = 4; lastKnownFileType = sourcecode.swift; name = Unit.swift; path = Game/Unit.swift; sourceTree = "<group>"; };
		1A57CA9B1E5DE65800348FDD /* City.swift */ = {isa = PBXFileReference; fileEncoding = 4; lastKnownFileType = sourcecode.swift; name = City.swift; path = Game/City.swift; sourceTree = "<group>"; };
		1A57CA9E1E5DE67800348FDD /* TileImprovement.swift */ = {isa = PBXFileReference; fileEncoding = 4; lastKnownFileType = sourcecode.swift; name = TileImprovement.swift; path = Game/TileImprovement.swift; sourceTree = "<group>"; };
		1A57CAA01E5DE83100348FDD /* MapItem.swift */ = {isa = PBXFileReference; fileEncoding = 4; lastKnownFileType = sourcecode.swift; name = MapItem.swift; path = Game/MapItem.swift; sourceTree = "<group>"; };
		1AA7B3741E4DC99200104C91 /* GridPointDirectionTests.swift */ = {isa = PBXFileReference; fileEncoding = 4; lastKnownFileType = sourcecode.swift; path = GridPointDirectionTests.swift; sourceTree = "<group>"; };
		1AA7B3761E4DEB9200104C91 /* GridPointTests.swift */ = {isa = PBXFileReference; fileEncoding = 4; lastKnownFileType = sourcecode.swift; path = GridPointTests.swift; sourceTree = "<group>"; };
		1AA7B3791E4DF69900104C91 /* PathfinderDataSource.swift */ = {isa = PBXFileReference; fileEncoding = 4; lastKnownFileType = sourcecode.swift; name = PathfinderDataSource.swift; path = Game/PathFinding/PathfinderDataSource.swift; sourceTree = "<group>"; };
		1AA7B37B1E4DF6D500104C91 /* AStarPathfinder.swift */ = {isa = PBXFileReference; fileEncoding = 4; lastKnownFileType = sourcecode.swift; name = AStarPathfinder.swift; path = Game/PathFinding/AStarPathfinder.swift; sourceTree = "<group>"; };
		1AA7B37D1E4DFF7000104C91 /* AStarPathfinderTests.swift */ = {isa = PBXFileReference; fileEncoding = 4; lastKnownFileType = sourcecode.swift; path = AStarPathfinderTests.swift; sourceTree = "<group>"; };
		1AA7B3821E51BC3400104C91 /* GridGenerator.swift */ = {isa = PBXFileReference; fileEncoding = 4; lastKnownFileType = sourcecode.swift; name = GridGenerator.swift; path = Game/GridGenerator/GridGenerator.swift; sourceTree = "<group>"; };
		1AA7B3841E51C2BC00104C91 /* Array2DTest.swift */ = {isa = PBXFileReference; fileEncoding = 4; lastKnownFileType = sourcecode.swift; path = Array2DTest.swift; sourceTree = "<group>"; };
		1AA7B3871E51C2F900104C91 /* Array2D.swift */ = {isa = PBXFileReference; fileEncoding = 4; lastKnownFileType = sourcecode.swift; name = Array2D.swift; path = Game/Utils/Array2D.swift; sourceTree = "<group>"; };
		1AA8466D1E5AFEF300D3A947 /* MapViewController.swift */ = {isa = PBXFileReference; fileEncoding = 4; lastKnownFileType = sourcecode.swift; name = MapViewController.swift; path = ViewControllers/MapViewController.swift; sourceTree = "<group>"; };
		1AA8466F1E5B016E00D3A947 /* MapTile.xcassets */ = {isa = PBXFileReference; lastKnownFileType = folder.assetcatalog; name = MapTile.xcassets; path = Resources/MapTile.xcassets; sourceTree = "<group>"; };
		1AA846721E5B1BD900D3A947 /* Map01.plist */ = {isa = PBXFileReference; fileEncoding = 4; lastKnownFileType = text.plist.xml; name = Map01.plist; path = Resources/Maps/Map01.plist; sourceTree = "<group>"; };
		1AA846741E5B1BF100D3A947 /* Maps.plist */ = {isa = PBXFileReference; fileEncoding = 4; lastKnownFileType = text.plist.xml; name = Maps.plist; path = Resources/Maps/Maps.plist; sourceTree = "<group>"; };
		1AA846761E5B1C9C00D3A947 /* Map02.plist */ = {isa = PBXFileReference; fileEncoding = 4; lastKnownFileType = text.plist.xml; name = Map02.plist; path = Resources/Maps/Map02.plist; sourceTree = "<group>"; };
		1AA846791E5C8A4900D3A947 /* Game01.json */ = {isa = PBXFileReference; fileEncoding = 4; lastKnownFileType = text.json; name = Game01.json; path = Resources/Games/Game01.json; sourceTree = "<group>"; };
		1AB7EBD31E4D091A00594922 /* teaser.png */ = {isa = PBXFileReference; lastKnownFileType = image.png; name = teaser.png; path = Resources/teaser.png; sourceTree = "<group>"; };
		1AB7EBD51E4D0CD400594922 /* button.png */ = {isa = PBXFileReference; lastKnownFileType = image.png; name = button.png; path = Resources/button.png; sourceTree = "<group>"; };
		1AB7EBD71E4DB82900594922 /* GridPointDirection.swift */ = {isa = PBXFileReference; fileEncoding = 4; lastKnownFileType = sourcecode.swift; name = GridPointDirection.swift; path = Game/GridPointDirection.swift; sourceTree = "<group>"; };
		1ACC9FFF1E60577D00E539DD /* defeat.png */ = {isa = PBXFileReference; lastKnownFileType = image.png; path = defeat.png; sourceTree = "<group>"; };
		1ACCA0001E60577D00E539DD /* victory.png */ = {isa = PBXFileReference; lastKnownFileType = image.png; path = victory.png; sourceTree = "<group>"; };
		1ACCA0031E6057E700E539DD /* button-left-bottom.png */ = {isa = PBXFileReference; lastKnownFileType = image.png; path = "button-left-bottom.png"; sourceTree = "<group>"; };
		1ACCA0051E60761D00E539DD /* Player.swift */ = {isa = PBXFileReference; fileEncoding = 4; lastKnownFileType = sourcecode.swift; name = Player.swift; path = Game/Player.swift; sourceTree = "<group>"; };
		1ACCA0071E60792C00E539DD /* GameStatisticsTests.swift */ = {isa = PBXFileReference; fileEncoding = 4; lastKnownFileType = sourcecode.swift; path = GameStatisticsTests.swift; sourceTree = "<group>"; };
		1ADE279E1E48B8EC001F44FF /* MenuViewController.swift */ = {isa = PBXFileReference; fileEncoding = 4; lastKnownFileType = sourcecode.swift; name = MenuViewController.swift; path = ViewControllers/MenuViewController.swift; sourceTree = "<group>"; };
		1ADE27A11E48BAB3001F44FF /* UIViewController+Storyboard.swift */ = {isa = PBXFileReference; fileEncoding = 4; lastKnownFileType = sourcecode.swift; name = "UIViewController+Storyboard.swift"; path = "Extensions/UIViewController+Storyboard.swift"; sourceTree = "<group>"; };
		1AEE6C4C1E51FFE600537D1D /* GridGeneratorTests.swift */ = {isa = PBXFileReference; fileEncoding = 4; lastKnownFileType = sourcecode.swift; path = GridGeneratorTests.swift; sourceTree = "<group>"; };
		1AEE6C4F1E520EF800537D1D /* PerlinGenerator.swift */ = {isa = PBXFileReference; fileEncoding = 4; lastKnownFileType = sourcecode.swift; name = PerlinGenerator.swift; path = Game/Utils/PerlinGenerator.swift; sourceTree = "<group>"; };
		1AEE6C521E5316E300537D1D /* Feature.swift */ = {isa = PBXFileReference; fileEncoding = 4; lastKnownFileType = sourcecode.swift; name = Feature.swift; path = Game/Feature.swift; sourceTree = "<group>"; };
		1AEE6C551E531BBF00537D1D /* Tile.swift */ = {isa = PBXFileReference; fileEncoding = 4; lastKnownFileType = sourcecode.swift; name = Tile.swift; path = Game/Tile.swift; sourceTree = "<group>"; };
		22AA1275C9994E5D58C36935 /* Pods_HexagonalMapBasic.framework */ = {isa = PBXFileReference; explicitFileType = wrapper.framework; includeInIndex = 0; path = Pods_HexagonalMapBasic.framework; sourceTree = BUILT_PRODUCTS_DIR; };
		31793D30FF1A02BBCED07F71 /* Pods-HexagonalMapBasic.debug.xcconfig */ = {isa = PBXFileReference; includeInIndex = 1; lastKnownFileType = text.xcconfig; name = "Pods-HexagonalMapBasic.debug.xcconfig"; path = "Pods/Target Support Files/Pods-HexagonalMapBasic/Pods-HexagonalMapBasic.debug.xcconfig"; sourceTree = "<group>"; };
		3C40715086CB38506213EF83 /* Pods-HexagonalMapBasic.release.xcconfig */ = {isa = PBXFileReference; includeInIndex = 1; lastKnownFileType = text.xcconfig; name = "Pods-HexagonalMapBasic.release.xcconfig"; path = "Pods/Target Support Files/Pods-HexagonalMapBasic/Pods-HexagonalMapBasic.release.xcconfig"; sourceTree = "<group>"; };
		4D15C2851D442302007A5EE2 /* HexagonalMapBasic.app */ = {isa = PBXFileReference; explicitFileType = wrapper.application; includeInIndex = 0; path = HexagonalMapBasic.app; sourceTree = BUILT_PRODUCTS_DIR; };
		4D15C2881D442302007A5EE2 /* AppDelegate.swift */ = {isa = PBXFileReference; lastKnownFileType = sourcecode.swift; path = AppDelegate.swift; sourceTree = "<group>"; };
		4D15C2901D442302007A5EE2 /* GameViewController.swift */ = {isa = PBXFileReference; lastKnownFileType = sourcecode.swift; name = GameViewController.swift; path = ViewControllers/GameViewController.swift; sourceTree = "<group>"; };
		4D15C2931D442302007A5EE2 /* Base */ = {isa = PBXFileReference; lastKnownFileType = file.storyboard; name = Base; path = Base.lproj/Main.storyboard; sourceTree = "<group>"; };
		4D15C2951D442302007A5EE2 /* Assets.xcassets */ = {isa = PBXFileReference; lastKnownFileType = folder.assetcatalog; name = Assets.xcassets; path = Resources/Assets.xcassets; sourceTree = "<group>"; };
		4D15C2981D442302007A5EE2 /* Base */ = {isa = PBXFileReference; lastKnownFileType = file.storyboard; name = Base; path = Base.lproj/LaunchScreen.storyboard; sourceTree = "<group>"; };
		4D15C29A1D442302007A5EE2 /* Info.plist */ = {isa = PBXFileReference; lastKnownFileType = text.plist.xml; path = Info.plist; sourceTree = "<group>"; };
		97D5E67FFF0289FA0AFF4DD4 /* Pods_HexagonalMapBasicTests.framework */ = {isa = PBXFileReference; explicitFileType = wrapper.framework; includeInIndex = 0; path = Pods_HexagonalMapBasicTests.framework; sourceTree = BUILT_PRODUCTS_DIR; };
		B9651DA13EC029D1DECD0DAF /* Pods-HexagonalMapBasicTests.debug.xcconfig */ = {isa = PBXFileReference; includeInIndex = 1; lastKnownFileType = text.xcconfig; name = "Pods-HexagonalMapBasicTests.debug.xcconfig"; path = "Pods/Target Support Files/Pods-HexagonalMapBasicTests/Pods-HexagonalMapBasicTests.debug.xcconfig"; sourceTree = "<group>"; };
		C26567F9DA1B9E2AD60A702F /* Pods-HexagonalMapBasicTests.release.xcconfig */ = {isa = PBXFileReference; includeInIndex = 1; lastKnownFileType = text.xcconfig; name = "Pods-HexagonalMapBasicTests.release.xcconfig"; path = "Pods/Target Support Files/Pods-HexagonalMapBasicTests/Pods-HexagonalMapBasicTests.release.xcconfig"; sourceTree = "<group>"; };
/* End PBXFileReference section */

/* Begin PBXFrameworksBuildPhase section */
		1A4B38991E4C7A5600FA7457 /* Frameworks */ = {
			isa = PBXFrameworksBuildPhase;
			buildActionMask = 2147483647;
			files = (
				18057D4B8B9BA877A95D95DB /* Pods_HexagonalMapBasicTests.framework in Frameworks */,
			);
			runOnlyForDeploymentPostprocessing = 0;
		};
		4D15C2821D442302007A5EE2 /* Frameworks */ = {
			isa = PBXFrameworksBuildPhase;
			buildActionMask = 2147483647;
			files = (
				F510CBA54A1C0453AACE31AC /* Pods_HexagonalMapBasic.framework in Frameworks */,
			);
			runOnlyForDeploymentPostprocessing = 0;
		};
/* End PBXFrameworksBuildPhase section */

/* Begin PBXGroup section */
		16B26414B5B6C8CC063AFC16 /* Pods */ = {
			isa = PBXGroup;
			children = (
				31793D30FF1A02BBCED07F71 /* Pods-HexagonalMapBasic.debug.xcconfig */,
				3C40715086CB38506213EF83 /* Pods-HexagonalMapBasic.release.xcconfig */,
				B9651DA13EC029D1DECD0DAF /* Pods-HexagonalMapBasicTests.debug.xcconfig */,
				C26567F9DA1B9E2AD60A702F /* Pods-HexagonalMapBasicTests.release.xcconfig */,
			);
			name = Pods;
			sourceTree = "<group>";
		};
		1A355B2E1E55DBAC006469B3 /* Templating */ = {
			isa = PBXGroup;
			children = (
				1A355B2F1E55DBD7006469B3 /* TerrainTransitionManager.swift */,
			);
			name = Templating;
			sourceTree = "<group>";
		};
		1A4B38931E4C672A00FA7457 /* Game */ = {
			isa = PBXGroup;
			children = (
				1A355B2E1E55DBAC006469B3 /* Templating */,
				1AA7B3861E51C2E500104C91 /* Utils */,
				1AA7B3811E51BC0C00104C91 /* GridGenerator */,
				1AA7B3781E4DF66800104C91 /* PathFinding */,
				1A4B38941E4C67EC00FA7457 /* Grid.swift */,
				1A4B38AA1E4CAF9600FA7457 /* GridPoint.swift */,
				1AB7EBD71E4DB82900594922 /* GridPointDirection.swift */,
				1A4B38961E4C688700FA7457 /* Terrain.swift */,
				1AEE6C521E5316E300537D1D /* Feature.swift */,
				1AEE6C551E531BBF00537D1D /* Tile.swift */,
				1A57CA911E5D8E0400348FDD /* Game.swift */,
				1A57CA931E5DB42B00348FDD /* Map.swift */,
				1A57CA991E5DE64000348FDD /* Unit.swift */,
				1A57CA9B1E5DE65800348FDD /* City.swift */,
				1A57CA9E1E5DE67800348FDD /* TileImprovement.swift */,
				1A57CAA01E5DE83100348FDD /* MapItem.swift */,
				1ACCA0051E60761D00E539DD /* Player.swift */,
			);
			name = Game;
			sourceTree = "<group>";
		};
		1A4B389D1E4C7A5600FA7457 /* HexagonalMapBasicTests */ = {
			isa = PBXGroup;
			children = (
				1A4B38A01E4C7A5600FA7457 /* Info.plist */,
				1AA7B3841E51C2BC00104C91 /* Array2DTest.swift */,
				1A4B38A61E4C7A7D00FA7457 /* GridTests.swift */,
				1AA7B3761E4DEB9200104C91 /* GridPointTests.swift */,
				1AA7B3741E4DC99200104C91 /* GridPointDirectionTests.swift */,
				1AA7B37D1E4DFF7000104C91 /* AStarPathfinderTests.swift */,
				1AEE6C4C1E51FFE600537D1D /* GridGeneratorTests.swift */,
				1A57CA951E5DB7F800348FDD /* MapTests.swift */,
				1ACCA0071E60792C00E539DD /* GameStatisticsTests.swift */,
			);
			path = HexagonalMapBasicTests;
			sourceTree = "<group>";
		};
		1AA7B3781E4DF66800104C91 /* PathFinding */ = {
			isa = PBXGroup;
			children = (
				1AA7B3791E4DF69900104C91 /* PathfinderDataSource.swift */,
				1AA7B37B1E4DF6D500104C91 /* AStarPathfinder.swift */,
			);
			name = PathFinding;
			sourceTree = "<group>";
		};
		1AA7B3811E51BC0C00104C91 /* GridGenerator */ = {
			isa = PBXGroup;
			children = (
				1AA7B3821E51BC3400104C91 /* GridGenerator.swift */,
			);
			name = GridGenerator;
			sourceTree = "<group>";
		};
		1AA7B3861E51C2E500104C91 /* Utils */ = {
			isa = PBXGroup;
			children = (
				1AA7B3871E51C2F900104C91 /* Array2D.swift */,
				1AEE6C4F1E520EF800537D1D /* PerlinGenerator.swift */,
			);
			name = Utils;
			sourceTree = "<group>";
		};
		1AA846711E5B1B5400D3A947 /* Maps */ = {
			isa = PBXGroup;
			children = (
				1AA846741E5B1BF100D3A947 /* Maps.plist */,
				1AA846721E5B1BD900D3A947 /* Map01.plist */,
				1AA846761E5B1C9C00D3A947 /* Map02.plist */,
			);
			name = Maps;
			sourceTree = "<group>";
		};
		1AA846781E5C8A1600D3A947 /* Games */ = {
			isa = PBXGroup;
			children = (
				1AA846791E5C8A4900D3A947 /* Game01.json */,
			);
			name = Games;
			sourceTree = "<group>";
		};
		1ADE279D1E488D05001F44FF /* Presentation */ = {
			isa = PBXGroup;
			children = (
				1ADE27A01E48BA91001F44FF /* Extensions */,
				4D15C2881D442302007A5EE2 /* AppDelegate.swift */,
				4DCE427F1D44298C003B7E3C /* ViewControllers */,
				4DCE427E1D442972003B7E3C /* Storyboards */,
				4DCE42831D442A19003B7E3C /* Scenes */,
			);
			name = Presentation;
			sourceTree = "<group>";
		};
		1ADE27A01E48BA91001F44FF /* Extensions */ = {
			isa = PBXGroup;
			children = (
				1ADE27A11E48BAB3001F44FF /* UIViewController+Storyboard.swift */,
			);
			name = Extensions;
			sourceTree = "<group>";
		};
		1CFC6B4386390A5B2BD2A1A8 /* Frameworks */ = {
			isa = PBXGroup;
			children = (
				22AA1275C9994E5D58C36935 /* Pods_HexagonalMapBasic.framework */,
				97D5E67FFF0289FA0AFF4DD4 /* Pods_HexagonalMapBasicTests.framework */,
			);
			name = Frameworks;
			sourceTree = "<group>";
		};
		4D15C27C1D442302007A5EE2 = {
			isa = PBXGroup;
			children = (
				4D15C2871D442302007A5EE2 /* src */,
				1A4B389D1E4C7A5600FA7457 /* HexagonalMapBasicTests */,
				4D15C2861D442302007A5EE2 /* Products */,
				16B26414B5B6C8CC063AFC16 /* Pods */,
				1CFC6B4386390A5B2BD2A1A8 /* Frameworks */,
			);
			sourceTree = "<group>";
		};
		4D15C2861D442302007A5EE2 /* Products */ = {
			isa = PBXGroup;
			children = (
				4D15C2851D442302007A5EE2 /* HexagonalMapBasic.app */,
				1A4B389C1E4C7A5600FA7457 /* HexagonalMapBasicTests.xctest */,
			);
			name = Products;
			sourceTree = "<group>";
		};
		4D15C2871D442302007A5EE2 /* src */ = {
			isa = PBXGroup;
			children = (
				1A4B38931E4C672A00FA7457 /* Game */,
				1ADE279D1E488D05001F44FF /* Presentation */,
				4DCE42821D442A02003B7E3C /* Resources */,
				4D15C29A1D442302007A5EE2 /* Info.plist */,
			);
			path = src;
			sourceTree = "<group>";
		};
		4DA76F6E1D8378A4000C3571 /* Sprites */ = {
			isa = PBXGroup;
			children = (
			);
			name = Sprites;
			sourceTree = "<group>";
		};
		4DCE427E1D442972003B7E3C /* Storyboards */ = {
			isa = PBXGroup;
			children = (
				4D15C2971D442302007A5EE2 /* LaunchScreen.storyboard */,
				4D15C2921D442302007A5EE2 /* Main.storyboard */,
			);
			name = Storyboards;
			sourceTree = "<group>";
		};
		4DCE427F1D44298C003B7E3C /* ViewControllers */ = {
			isa = PBXGroup;
			children = (
				1ADE279E1E48B8EC001F44FF /* MenuViewController.swift */,
				1AA8466D1E5AFEF300D3A947 /* MapViewController.swift */,
				4D15C2901D442302007A5EE2 /* GameViewController.swift */,
			);
			name = ViewControllers;
			sourceTree = "<group>";
		};
		4DCE42821D442A02003B7E3C /* Resources */ = {
			isa = PBXGroup;
			children = (
				1AA846781E5C8A1600D3A947 /* Games */,
				1AA846711E5B1B5400D3A947 /* Maps */,
				1AB7EBD31E4D091A00594922 /* teaser.png */,
				1AB7EBD51E4D0CD400594922 /* button.png */,
				1ACC9FFF1E60577D00E539DD /* defeat.png */,
				1ACCA0001E60577D00E539DD /* victory.png */,
				1ACCA0031E6057E700E539DD /* button-left-bottom.png */,
				4DA76F6E1D8378A4000C3571 /* Sprites */,
				4D15C2951D442302007A5EE2 /* Assets.xcassets */,
				1A4B38911E4BBC9100FA7457 /* Terrain.xcassets */,
				1A355B281E5345A3006469B3 /* Features.xcassets */,
				1A355B2A1E535BD7006469B3 /* Tiles.xcassets */,
				1A355B311E55E3D7006469B3 /* Animations.xcassets */,
				1AA8466F1E5B016E00D3A947 /* MapTile.xcassets */,
			);
			name = Resources;
			sourceTree = "<group>";
		};
		4DCE42831D442A19003B7E3C /* Scenes */ = {
			isa = PBXGroup;
			children = (
				1A4B388F1E4BBAD400FA7457 /* GameScene.swift */,
				1A355B2C1E546B00006469B3 /* GridSpriteNode.swift */,
				1A355B331E55E860006469B3 /* TerrainSpriteNode.swift */,
				1A355B351E55F04F006469B3 /* FeatureSpriteNode.swift */,
				1A153D9C1E56E39300F11812 /* TransitionSpriteNode.swift */,
			);
			name = Scenes;
			sourceTree = "<group>";
		};
/* End PBXGroup section */

/* Begin PBXNativeTarget section */
		1A4B389B1E4C7A5600FA7457 /* HexagonalMapBasicTests */ = {
			isa = PBXNativeTarget;
			buildConfigurationList = 1A4B38A31E4C7A5600FA7457 /* Build configuration list for PBXNativeTarget "HexagonalMapBasicTests" */;
			buildPhases = (
				482CC9EE4C20C53761F438FA /* [CP] Check Pods Manifest.lock */,
				1A4B38981E4C7A5600FA7457 /* Sources */,
				1A4B38991E4C7A5600FA7457 /* Frameworks */,
				1A4B389A1E4C7A5600FA7457 /* Resources */,
				886E665760E5825DF7B628B5 /* [CP] Embed Pods Frameworks */,
				29DD64AED19705D1B16F62DC /* [CP] Copy Pods Resources */,
			);
			buildRules = (
			);
			dependencies = (
				1A4B38A21E4C7A5600FA7457 /* PBXTargetDependency */,
			);
			name = HexagonalMapBasicTests;
			productName = HexagonalMapBasicTests;
			productReference = 1A4B389C1E4C7A5600FA7457 /* HexagonalMapBasicTests.xctest */;
			productType = "com.apple.product-type.bundle.unit-test";
		};
		4D15C2841D442302007A5EE2 /* HexagonalMapBasic */ = {
			isa = PBXNativeTarget;
			buildConfigurationList = 4D15C2A81D442303007A5EE2 /* Build configuration list for PBXNativeTarget "HexagonalMapBasic" */;
			buildPhases = (
				6455808188C891D3A9F5230D /* [CP] Check Pods Manifest.lock */,
				4D15C2811D442302007A5EE2 /* Sources */,
				4D15C2821D442302007A5EE2 /* Frameworks */,
				4D15C2831D442302007A5EE2 /* Resources */,
				F3B556D8A17EA88C34B5C666 /* [CP] Embed Pods Frameworks */,
				E8859BA9C35B069E1AFF322F /* [CP] Copy Pods Resources */,
			);
			buildRules = (
			);
			dependencies = (
			);
			name = HexagonalMapBasic;
			productName = src;
			productReference = 4D15C2851D442302007A5EE2 /* HexagonalMapBasic.app */;
			productType = "com.apple.product-type.application";
		};
/* End PBXNativeTarget section */

/* Begin PBXProject section */
		4D15C27D1D442302007A5EE2 /* Project object */ = {
			isa = PBXProject;
			attributes = {
				LastSwiftUpdateCheck = 0820;
				LastUpgradeCheck = 0820;
				ORGANIZATIONNAME = MiRo;
				TargetAttributes = {
					1A4B389B1E4C7A5600FA7457 = {
						CreatedOnToolsVersion = 8.2.1;
						DevelopmentTeam = CMUQ7NPWU8;
						ProvisioningStyle = Automatic;
						TestTargetID = 4D15C2841D442302007A5EE2;
					};
					4D15C2841D442302007A5EE2 = {
						CreatedOnToolsVersion = 8.0;
						DevelopmentTeam = CMUQ7NPWU8;
						DevelopmentTeamName = "Mark BROWNSWORD (Personal Team)";
						ProvisioningStyle = Automatic;
					};
				};
			};
			buildConfigurationList = 4D15C2801D442302007A5EE2 /* Build configuration list for PBXProject "HexagonalMapBasic" */;
			compatibilityVersion = "Xcode 3.2";
			developmentRegion = English;
			hasScannedForEncodings = 0;
			knownRegions = (
				en,
				Base,
			);
			mainGroup = 4D15C27C1D442302007A5EE2;
			productRefGroup = 4D15C2861D442302007A5EE2 /* Products */;
			projectDirPath = "";
			projectRoot = "";
			targets = (
				4D15C2841D442302007A5EE2 /* HexagonalMapBasic */,
				1A4B389B1E4C7A5600FA7457 /* HexagonalMapBasicTests */,
			);
		};
/* End PBXProject section */

/* Begin PBXResourcesBuildPhase section */
		1A4B389A1E4C7A5600FA7457 /* Resources */ = {
			isa = PBXResourcesBuildPhase;
			buildActionMask = 2147483647;
			files = (
			);
			runOnlyForDeploymentPostprocessing = 0;
		};
		4D15C2831D442302007A5EE2 /* Resources */ = {
			isa = PBXResourcesBuildPhase;
			buildActionMask = 2147483647;
			files = (
				1AA846771E5B1C9C00D3A947 /* Map02.plist in Resources */,
				4D15C2941D442302007A5EE2 /* Main.storyboard in Resources */,
				1AA846751E5B1BF100D3A947 /* Maps.plist in Resources */,
				1ACCA0041E6057E700E539DD /* button-left-bottom.png in Resources */,
				1AB7EBD61E4D0CD400594922 /* button.png in Resources */,
				4D15C2961D442302007A5EE2 /* Assets.xcassets in Resources */,
				1A355B321E55E3D7006469B3 /* Animations.xcassets in Resources */,
				1AA846701E5B016E00D3A947 /* MapTile.xcassets in Resources */,
				1AA8467A1E5C8A4900D3A947 /* Game01.json in Resources */,
				1ACCA0011E60577D00E539DD /* defeat.png in Resources */,
				1A355B2B1E535BD7006469B3 /* Tiles.xcassets in Resources */,
				1AA846731E5B1BD900D3A947 /* Map01.plist in Resources */,
				1A4B38921E4BBC9100FA7457 /* Terrain.xcassets in Resources */,
				4D15C2991D442302007A5EE2 /* LaunchScreen.storyboard in Resources */,
				1AB7EBD41E4D091A00594922 /* teaser.png in Resources */,
				1ACCA0021E60577D00E539DD /* victory.png in Resources */,
				1A355B291E5345A3006469B3 /* Features.xcassets in Resources */,
			);
			runOnlyForDeploymentPostprocessing = 0;
		};
/* End PBXResourcesBuildPhase section */

/* Begin PBXShellScriptBuildPhase section */
		29DD64AED19705D1B16F62DC /* [CP] Copy Pods Resources */ = {
			isa = PBXShellScriptBuildPhase;
			buildActionMask = 2147483647;
			files = (
			);
			inputPaths = (
			);
			name = "[CP] Copy Pods Resources";
			outputPaths = (
			);
			runOnlyForDeploymentPostprocessing = 0;
			shellPath = /bin/sh;
			shellScript = "\"${SRCROOT}/Pods/Target Support Files/Pods-HexagonalMapBasicTests/Pods-HexagonalMapBasicTests-resources.sh\"\n";
			showEnvVarsInLog = 0;
		};
		482CC9EE4C20C53761F438FA /* [CP] Check Pods Manifest.lock */ = {
			isa = PBXShellScriptBuildPhase;
			buildActionMask = 2147483647;
			files = (
			);
			inputPaths = (
			);
			name = "[CP] Check Pods Manifest.lock";
			outputPaths = (
			);
			runOnlyForDeploymentPostprocessing = 0;
			shellPath = /bin/sh;
			shellScript = "diff \"${PODS_ROOT}/../Podfile.lock\" \"${PODS_ROOT}/Manifest.lock\" > /dev/null\nif [ $? != 0 ] ; then\n    # print error to STDERR\n    echo \"error: The sandbox is not in sync with the Podfile.lock. Run 'pod install' or update your CocoaPods installation.\" >&2\n    exit 1\nfi\n";
			showEnvVarsInLog = 0;
		};
		6455808188C891D3A9F5230D /* [CP] Check Pods Manifest.lock */ = {
			isa = PBXShellScriptBuildPhase;
			buildActionMask = 2147483647;
			files = (
			);
			inputPaths = (
			);
			name = "[CP] Check Pods Manifest.lock";
			outputPaths = (
			);
			runOnlyForDeploymentPostprocessing = 0;
			shellPath = /bin/sh;
			shellScript = "diff \"${PODS_ROOT}/../Podfile.lock\" \"${PODS_ROOT}/Manifest.lock\" > /dev/null\nif [ $? != 0 ] ; then\n    # print error to STDERR\n    echo \"error: The sandbox is not in sync with the Podfile.lock. Run 'pod install' or update your CocoaPods installation.\" >&2\n    exit 1\nfi\n";
			showEnvVarsInLog = 0;
		};
		886E665760E5825DF7B628B5 /* [CP] Embed Pods Frameworks */ = {
			isa = PBXShellScriptBuildPhase;
			buildActionMask = 2147483647;
			files = (
			);
			inputPaths = (
			);
			name = "[CP] Embed Pods Frameworks";
			outputPaths = (
			);
			runOnlyForDeploymentPostprocessing = 0;
			shellPath = /bin/sh;
			shellScript = "\"${SRCROOT}/Pods/Target Support Files/Pods-HexagonalMapBasicTests/Pods-HexagonalMapBasicTests-frameworks.sh\"\n";
			showEnvVarsInLog = 0;
		};
		E8859BA9C35B069E1AFF322F /* [CP] Copy Pods Resources */ = {
			isa = PBXShellScriptBuildPhase;
			buildActionMask = 2147483647;
			files = (
			);
			inputPaths = (
			);
			name = "[CP] Copy Pods Resources";
			outputPaths = (
			);
			runOnlyForDeploymentPostprocessing = 0;
			shellPath = /bin/sh;
			shellScript = "\"${SRCROOT}/Pods/Target Support Files/Pods-HexagonalMapBasic/Pods-HexagonalMapBasic-resources.sh\"\n";
			showEnvVarsInLog = 0;
		};
		F3B556D8A17EA88C34B5C666 /* [CP] Embed Pods Frameworks */ = {
			isa = PBXShellScriptBuildPhase;
			buildActionMask = 2147483647;
			files = (
			);
			inputPaths = (
			);
			name = "[CP] Embed Pods Frameworks";
			outputPaths = (
			);
			runOnlyForDeploymentPostprocessing = 0;
			shellPath = /bin/sh;
			shellScript = "\"${SRCROOT}/Pods/Target Support Files/Pods-HexagonalMapBasic/Pods-HexagonalMapBasic-frameworks.sh\"\n";
			showEnvVarsInLog = 0;
		};
/* End PBXShellScriptBuildPhase section */

/* Begin PBXSourcesBuildPhase section */
		1A4B38981E4C7A5600FA7457 /* Sources */ = {
			isa = PBXSourcesBuildPhase;
			buildActionMask = 2147483647;
			files = (
				1AEE6C571E531BBF00537D1D /* Tile.swift in Sources */,
				1AA7B37E1E4DFF7000104C91 /* AStarPathfinderTests.swift in Sources */,
				1A57CA961E5DB7F800348FDD /* MapTests.swift in Sources */,
				1A57CAA21E5DE86A00348FDD /* Unit.swift in Sources */,
				1ACCA0081E60792C00E539DD /* GameStatisticsTests.swift in Sources */,
				1AA7B3891E51C2F900104C91 /* Array2D.swift in Sources */,
				1A57CAA51E5DE87200348FDD /* MapItem.swift in Sources */,
				1AEE6C4D1E51FFE600537D1D /* GridGeneratorTests.swift in Sources */,
				1A4B38A91E4C7B4B00FA7457 /* Terrain.swift in Sources */,
				1AEE6C541E5316E300537D1D /* Feature.swift in Sources */,
				1AA7B3771E4DEB9200104C91 /* GridPointTests.swift in Sources */,
				1AA7B37F1E4E00B800104C91 /* AStarPathfinder.swift in Sources */,
				1A57CA971E5DBB4600348FDD /* Map.swift in Sources */,
				1AA7B3851E51C2BC00104C91 /* Array2DTest.swift in Sources */,
				1A57CA981E5DBF9000348FDD /* Game.swift in Sources */,
				1AEE6C4E1E51FFEA00537D1D /* GridGenerator.swift in Sources */,
				1AB7EBD91E4DB82900594922 /* GridPointDirection.swift in Sources */,
				1A4B38AC1E4CAF9600FA7457 /* GridPoint.swift in Sources */,
				1ACCA0091E607E2100E539DD /* Player.swift in Sources */,
				1AA7B3751E4DC99200104C91 /* GridPointDirectionTests.swift in Sources */,
				1A4B38A71E4C7A7D00FA7457 /* GridTests.swift in Sources */,
				1A57CAA31E5DE86D00348FDD /* City.swift in Sources */,
				1AEE6C511E520EF800537D1D /* PerlinGenerator.swift in Sources */,
				1A4B38A81E4C7B2C00FA7457 /* Grid.swift in Sources */,
				1AA7B3801E4E00BB00104C91 /* PathfinderDataSource.swift in Sources */,
				1A57CAA41E5DE87000348FDD /* TileImprovement.swift in Sources */,
			);
			runOnlyForDeploymentPostprocessing = 0;
		};
		4D15C2811D442302007A5EE2 /* Sources */ = {
			isa = PBXSourcesBuildPhase;
			buildActionMask = 2147483647;
			files = (
				1A4B38AB1E4CAF9600FA7457 /* GridPoint.swift in Sources */,
				1A57CA9F1E5DE67800348FDD /* TileImprovement.swift in Sources */,
				1A4B38971E4C688700FA7457 /* Terrain.swift in Sources */,
				1AB7EBD81E4DB82900594922 /* GridPointDirection.swift in Sources */,
				1AEE6C561E531BBF00537D1D /* Tile.swift in Sources */,
				1A355B301E55DBD7006469B3 /* TerrainTransitionManager.swift in Sources */,
				1AA7B3831E51BC3400104C91 /* GridGenerator.swift in Sources */,
				1A57CA9C1E5DE65800348FDD /* City.swift in Sources */,
				4D15C2911D442302007A5EE2 /* GameViewController.swift in Sources */,
				1A153D9D1E56E39300F11812 /* TransitionSpriteNode.swift in Sources */,
				1ADE27A21E48BAB3001F44FF /* UIViewController+Storyboard.swift in Sources */,
				1ACCA0061E60761D00E539DD /* Player.swift in Sources */,
				1A4B38901E4BBAD400FA7457 /* GameScene.swift in Sources */,
				1A57CA941E5DB42B00348FDD /* Map.swift in Sources */,
				1A57CAA11E5DE83100348FDD /* MapItem.swift in Sources */,
				1ADE279F1E48B8EC001F44FF /* MenuViewController.swift in Sources */,
				1A57CA9D1E5DE65B00348FDD /* Unit.swift in Sources */,
				1AA8466E1E5AFEF300D3A947 /* MapViewController.swift in Sources */,
				4D15C2891D442302007A5EE2 /* AppDelegate.swift in Sources */,
				1AEE6C501E520EF800537D1D /* PerlinGenerator.swift in Sources */,
				1A355B341E55E860006469B3 /* TerrainSpriteNode.swift in Sources */,
				1AA7B3881E51C2F900104C91 /* Array2D.swift in Sources */,
				1AA7B37C1E4DF6D500104C91 /* AStarPathfinder.swift in Sources */,
				1A355B361E55F04F006469B3 /* FeatureSpriteNode.swift in Sources */,
				1A355B2D1E546B00006469B3 /* GridSpriteNode.swift in Sources */,
				1AEE6C531E5316E300537D1D /* Feature.swift in Sources */,
				1A4B38951E4C67EC00FA7457 /* Grid.swift in Sources */,
				1AA7B37A1E4DF69900104C91 /* PathfinderDataSource.swift in Sources */,
				1A57CA921E5D8E0400348FDD /* Game.swift in Sources */,
			);
			runOnlyForDeploymentPostprocessing = 0;
		};
/* End PBXSourcesBuildPhase section */

/* Begin PBXTargetDependency section */
		1A4B38A21E4C7A5600FA7457 /* PBXTargetDependency */ = {
			isa = PBXTargetDependency;
			target = 4D15C2841D442302007A5EE2 /* HexagonalMapBasic */;
			targetProxy = 1A4B38A11E4C7A5600FA7457 /* PBXContainerItemProxy */;
		};
/* End PBXTargetDependency section */

/* Begin PBXVariantGroup section */
		4D15C2921D442302007A5EE2 /* Main.storyboard */ = {
			isa = PBXVariantGroup;
			children = (
				4D15C2931D442302007A5EE2 /* Base */,
			);
			name = Main.storyboard;
			path = Storyboards;
			sourceTree = "<group>";
		};
		4D15C2971D442302007A5EE2 /* LaunchScreen.storyboard */ = {
			isa = PBXVariantGroup;
			children = (
				4D15C2981D442302007A5EE2 /* Base */,
			);
			name = LaunchScreen.storyboard;
			path = Storyboards;
			sourceTree = "<group>";
		};
/* End PBXVariantGroup section */

/* Begin XCBuildConfiguration section */
		1A4B38A41E4C7A5600FA7457 /* Debug */ = {
			isa = XCBuildConfiguration;
			baseConfigurationReference = B9651DA13EC029D1DECD0DAF /* Pods-HexagonalMapBasicTests.debug.xcconfig */;
			buildSettings = {
				ALWAYS_EMBED_SWIFT_STANDARD_LIBRARIES = YES;
				BUNDLE_LOADER = "$(TEST_HOST)";
				DEVELOPMENT_TEAM = CMUQ7NPWU8;
				INFOPLIST_FILE = HexagonalMapBasicTests/Info.plist;
				IPHONEOS_DEPLOYMENT_TARGET = 10.2;
				LD_RUNPATH_SEARCH_PATHS = "$(inherited) @executable_path/Frameworks @loader_path/Frameworks";
				PRODUCT_BUNDLE_IDENTIFIER = MiRo.HexagonalMapBasicTests;
				PRODUCT_NAME = "$(TARGET_NAME)";
				SWIFT_VERSION = 3.0;
				TEST_HOST = "$(BUILT_PRODUCTS_DIR)/HexagonalMapBasic.app/HexagonalMapBasic";
			};
			name = Debug;
		};
		1A4B38A51E4C7A5600FA7457 /* Release */ = {
			isa = XCBuildConfiguration;
			baseConfigurationReference = C26567F9DA1B9E2AD60A702F /* Pods-HexagonalMapBasicTests.release.xcconfig */;
			buildSettings = {
				ALWAYS_EMBED_SWIFT_STANDARD_LIBRARIES = YES;
				BUNDLE_LOADER = "$(TEST_HOST)";
				DEVELOPMENT_TEAM = CMUQ7NPWU8;
				INFOPLIST_FILE = HexagonalMapBasicTests/Info.plist;
				IPHONEOS_DEPLOYMENT_TARGET = 10.2;
				LD_RUNPATH_SEARCH_PATHS = "$(inherited) @executable_path/Frameworks @loader_path/Frameworks";
				PRODUCT_BUNDLE_IDENTIFIER = MiRo.HexagonalMapBasicTests;
				PRODUCT_NAME = "$(TARGET_NAME)";
				SWIFT_VERSION = 3.0;
				TEST_HOST = "$(BUILT_PRODUCTS_DIR)/HexagonalMapBasic.app/HexagonalMapBasic";
			};
			name = Release;
		};
		4D15C2A61D442303007A5EE2 /* Debug */ = {
			isa = XCBuildConfiguration;
			buildSettings = {
				ALWAYS_EMBED_SWIFT_STANDARD_LIBRARIES = YES;
				ALWAYS_SEARCH_USER_PATHS = NO;
				CLANG_ANALYZER_NONNULL = YES;
				CLANG_CXX_LANGUAGE_STANDARD = "gnu++0x";
				CLANG_CXX_LIBRARY = "libc++";
				CLANG_ENABLE_MODULES = YES;
				CLANG_ENABLE_OBJC_ARC = YES;
				CLANG_WARN_BOOL_CONVERSION = YES;
				CLANG_WARN_CONSTANT_CONVERSION = YES;
				CLANG_WARN_DIRECT_OBJC_ISA_USAGE = YES_ERROR;
				CLANG_WARN_DOCUMENTATION_COMMENTS = YES;
				CLANG_WARN_EMPTY_BODY = YES;
				CLANG_WARN_ENUM_CONVERSION = YES;
				CLANG_WARN_INFINITE_RECURSION = YES;
				CLANG_WARN_INT_CONVERSION = YES;
				CLANG_WARN_OBJC_ROOT_CLASS = YES_ERROR;
				CLANG_WARN_SUSPICIOUS_MOVE = YES;
				CLANG_WARN_UNREACHABLE_CODE = YES;
				CLANG_WARN__DUPLICATE_METHOD_MATCH = YES;
				"CODE_SIGN_IDENTITY[sdk=iphoneos*]" = "iPhone Developer";
				COPY_PHASE_STRIP = NO;
				DEBUG_INFORMATION_FORMAT = dwarf;
				ENABLE_STRICT_OBJC_MSGSEND = YES;
				ENABLE_TESTABILITY = YES;
				GCC_C_LANGUAGE_STANDARD = gnu99;
				GCC_DYNAMIC_NO_PIC = NO;
				GCC_NO_COMMON_BLOCKS = YES;
				GCC_OPTIMIZATION_LEVEL = 0;
				GCC_PREPROCESSOR_DEFINITIONS = (
					"DEBUG=1",
					"$(inherited)",
				);
				GCC_WARN_64_TO_32_BIT_CONVERSION = YES;
				GCC_WARN_ABOUT_RETURN_TYPE = YES_ERROR;
				GCC_WARN_UNDECLARED_SELECTOR = YES;
				GCC_WARN_UNINITIALIZED_AUTOS = YES_AGGRESSIVE;
				GCC_WARN_UNUSED_FUNCTION = YES;
				GCC_WARN_UNUSED_VARIABLE = YES;
				IPHONEOS_DEPLOYMENT_TARGET = 10.0;
				MTL_ENABLE_DEBUG_INFO = YES;
				ONLY_ACTIVE_ARCH = YES;
				SDKROOT = iphoneos;
				SWIFT_ACTIVE_COMPILATION_CONDITIONS = DEBUG;
				SWIFT_OPTIMIZATION_LEVEL = "-Onone";
				TARGETED_DEVICE_FAMILY = "1,2";
			};
			name = Debug;
		};
		4D15C2A71D442303007A5EE2 /* Release */ = {
			isa = XCBuildConfiguration;
			buildSettings = {
				ALWAYS_EMBED_SWIFT_STANDARD_LIBRARIES = YES;
				ALWAYS_SEARCH_USER_PATHS = NO;
				CLANG_ANALYZER_NONNULL = YES;
				CLANG_CXX_LANGUAGE_STANDARD = "gnu++0x";
				CLANG_CXX_LIBRARY = "libc++";
				CLANG_ENABLE_MODULES = YES;
				CLANG_ENABLE_OBJC_ARC = YES;
				CLANG_WARN_BOOL_CONVERSION = YES;
				CLANG_WARN_CONSTANT_CONVERSION = YES;
				CLANG_WARN_DIRECT_OBJC_ISA_USAGE = YES_ERROR;
				CLANG_WARN_DOCUMENTATION_COMMENTS = YES;
				CLANG_WARN_EMPTY_BODY = YES;
				CLANG_WARN_ENUM_CONVERSION = YES;
				CLANG_WARN_INFINITE_RECURSION = YES;
				CLANG_WARN_INT_CONVERSION = YES;
				CLANG_WARN_OBJC_ROOT_CLASS = YES_ERROR;
				CLANG_WARN_SUSPICIOUS_MOVE = YES;
				CLANG_WARN_UNREACHABLE_CODE = YES;
				CLANG_WARN__DUPLICATE_METHOD_MATCH = YES;
				"CODE_SIGN_IDENTITY[sdk=iphoneos*]" = "iPhone Developer";
				COPY_PHASE_STRIP = NO;
				DEBUG_INFORMATION_FORMAT = "dwarf-with-dsym";
				ENABLE_NS_ASSERTIONS = NO;
				ENABLE_STRICT_OBJC_MSGSEND = YES;
				GCC_C_LANGUAGE_STANDARD = gnu99;
				GCC_NO_COMMON_BLOCKS = YES;
				GCC_WARN_64_TO_32_BIT_CONVERSION = YES;
				GCC_WARN_ABOUT_RETURN_TYPE = YES_ERROR;
				GCC_WARN_UNDECLARED_SELECTOR = YES;
				GCC_WARN_UNINITIALIZED_AUTOS = YES_AGGRESSIVE;
				GCC_WARN_UNUSED_FUNCTION = YES;
				GCC_WARN_UNUSED_VARIABLE = YES;
				IPHONEOS_DEPLOYMENT_TARGET = 10.0;
				MTL_ENABLE_DEBUG_INFO = NO;
				SDKROOT = iphoneos;
				SWIFT_OPTIMIZATION_LEVEL = "-Owholemodule";
				TARGETED_DEVICE_FAMILY = "1,2";
				VALIDATE_PRODUCT = YES;
			};
			name = Release;
		};
		4D15C2A91D442303007A5EE2 /* Debug */ = {
			isa = XCBuildConfiguration;
			baseConfigurationReference = 31793D30FF1A02BBCED07F71 /* Pods-HexagonalMapBasic.debug.xcconfig */;
			buildSettings = {
				ALWAYS_EMBED_SWIFT_STANDARD_LIBRARIES = YES;
				ASSETCATALOG_COMPILER_APPICON_NAME = AppIcon;
				DEVELOPMENT_TEAM = CMUQ7NPWU8;
				INFOPLIST_FILE = src/Info.plist;
				IPHONEOS_DEPLOYMENT_TARGET = 10.0;
				LD_RUNPATH_SEARCH_PATHS = "$(inherited) @executable_path/Frameworks";
				PRODUCT_BUNDLE_IDENTIFIER = com.miro.hexagonal.game;
				PRODUCT_NAME = "$(TARGET_NAME)";
				SWIFT_VERSION = 3.0;
			};
			name = Debug;
		};
		4D15C2AA1D442303007A5EE2 /* Release */ = {
			isa = XCBuildConfiguration;
			baseConfigurationReference = 3C40715086CB38506213EF83 /* Pods-HexagonalMapBasic.release.xcconfig */;
			buildSettings = {
				ALWAYS_EMBED_SWIFT_STANDARD_LIBRARIES = YES;
				ASSETCATALOG_COMPILER_APPICON_NAME = AppIcon;
				DEVELOPMENT_TEAM = CMUQ7NPWU8;
				INFOPLIST_FILE = src/Info.plist;
				IPHONEOS_DEPLOYMENT_TARGET = 10.0;
				LD_RUNPATH_SEARCH_PATHS = "$(inherited) @executable_path/Frameworks";
				PRODUCT_BUNDLE_IDENTIFIER = com.miro.hexagonal.game;
				PRODUCT_NAME = "$(TARGET_NAME)";
				SWIFT_VERSION = 3.0;
			};
			name = Release;
		};
/* End XCBuildConfiguration section */

/* Begin XCConfigurationList section */
		1A4B38A31E4C7A5600FA7457 /* Build configuration list for PBXNativeTarget "HexagonalMapBasicTests" */ = {
			isa = XCConfigurationList;
			buildConfigurations = (
				1A4B38A41E4C7A5600FA7457 /* Debug */,
				1A4B38A51E4C7A5600FA7457 /* Release */,
			);
			defaultConfigurationIsVisible = 0;
			defaultConfigurationName = Release;
		};
		4D15C2801D442302007A5EE2 /* Build configuration list for PBXProject "HexagonalMapBasic" */ = {
			isa = XCConfigurationList;
			buildConfigurations = (
				4D15C2A61D442303007A5EE2 /* Debug */,
				4D15C2A71D442303007A5EE2 /* Release */,
			);
			defaultConfigurationIsVisible = 0;
			defaultConfigurationName = Release;
		};
		4D15C2A81D442303007A5EE2 /* Build configuration list for PBXNativeTarget "HexagonalMapBasic" */ = {
			isa = XCConfigurationList;
			buildConfigurations = (
				4D15C2A91D442303007A5EE2 /* Debug */,
				4D15C2AA1D442303007A5EE2 /* Release */,
			);
			defaultConfigurationIsVisible = 0;
			defaultConfigurationName = Release;
		};
/* End XCConfigurationList section */
	};
	rootObject = 4D15C27D1D442302007A5EE2 /* Project object */;
}
