// !$*UTF8*$!
{
	archiveVersion = 1;
	classes = {
	};
	objectVersion = 46;
	objects = {

/* Begin PBXBuildFile section */
		1ABD0B621EA77C450065541C /* HexagonalMapLib.m in Sources */ = {isa = PBXBuildFile; fileRef = 1ABD0B611EA77C450065541C /* HexagonalMapLib.m */; };
		1ABD0B631EA77C450065541C /* HexagonalMapLib.h in CopyFiles */ = {isa = PBXBuildFile; fileRef = 1ABD0B601EA77C450065541C /* HexagonalMapLib.h */; };
/* End PBXBuildFile section */

/* Begin PBXCopyFilesBuildPhase section */
		1ABD0B5B1EA77C450065541C /* CopyFiles */ = {
			isa = PBXCopyFilesBuildPhase;
			buildActionMask = 2147483647;
			dstPath = "include/$(PRODUCT_NAME)";
			dstSubfolderSpec = 16;
			files = (
				1ABD0B631EA77C450065541C /* HexagonalMapLib.h in CopyFiles */,
			);
			runOnlyForDeploymentPostprocessing = 0;
		};
/* End PBXCopyFilesBuildPhase section */

/* Begin PBXFileReference section */
		1ABD0B5D1EA77C450065541C /* libHexagonalMapLib.a */ = {isa = PBXFileReference; explicitFileType = archive.ar; includeInIndex = 0; path = libHexagonalMapLib.a; sourceTree = BUILT_PRODUCTS_DIR; };
		1ABD0B601EA77C450065541C /* HexagonalMapLib.h */ = {isa = PBXFileReference; lastKnownFileType = sourcecode.c.h; path = HexagonalMapLib.h; sourceTree = "<group>"; };
		1ABD0B611EA77C450065541C /* HexagonalMapLib.m */ = {isa = PBXFileReference; lastKnownFileType = sourcecode.c.objc; path = HexagonalMapLib.m; sourceTree = "<group>"; };
/* End PBXFileReference section */

/* Begin PBXFrameworksBuildPhase section */
		1ABD0B5A1EA77C450065541C /* Frameworks */ = {
			isa = PBXFrameworksBuildPhase;
			buildActionMask = 2147483647;
			files = (
			);
			runOnlyForDeploymentPostprocessing = 0;
		};
/* End PBXFrameworksBuildPhase section */

/* Begin PBXGroup section */
		1ABD0B541EA77C450065541C = {
			isa = PBXGroup;
			children = (
				1ABD0B5F1EA77C450065541C /* HexagonalMapLib */,
				1ABD0B5E1EA77C450065541C /* Products */,
			);
			sourceTree = "<group>";
		};
		1ABD0B5E1EA77C450065541C /* Products */ = {
			isa = PBXGroup;
			children = (
				1ABD0B5D1EA77C450065541C /* libHexagonalMapLib.a */,
			);
			name = Products;
			sourceTree = "<group>";
		};
		1ABD0B5F1EA77C450065541C /* HexagonalMapLib */ = {
			isa = PBXGroup;
			children = (
				1ABD0B601EA77C450065541C /* HexagonalMapLib.h */,
				1ABD0B611EA77C450065541C /* HexagonalMapLib.m */,
			);
			path = HexagonalMapLib;
			sourceTree = "<group>";
		};
/* End PBXGroup section */

/* Begin PBXNativeTarget section */
		1ABD0B5C1EA77C450065541C /* HexagonalMapLib */ = {
			isa = PBXNativeTarget;
			buildConfigurationList = 1ABD0B661EA77C450065541C /* Build configuration list for PBXNativeTarget "HexagonalMapLib" */;
			buildPhases = (
				1ABD0B591EA77C450065541C /* Sources */,
				1ABD0B5A1EA77C450065541C /* Frameworks */,
				1ABD0B5B1EA77C450065541C /* CopyFiles */,
			);
			buildRules = (
			);
			dependencies = (
			);
			name = HexagonalMapLib;
			productName = HexagonalMapLib;
			productReference = 1ABD0B5D1EA77C450065541C /* libHexagonalMapLib.a */;
			productType = "com.apple.product-type.library.static";
		};
/* End PBXNativeTarget section */

/* Begin PBXProject section */
		1ABD0B551EA77C450065541C /* Project object */ = {
			isa = PBXProject;
			attributes = {
				LastUpgradeCheck = 0830;
				ORGANIZATIONNAME = "MiRo Soft";
				TargetAttributes = {
					1ABD0B5C1EA77C450065541C = {
						CreatedOnToolsVersion = 8.3.1;
						DevelopmentTeam = CMUQ7NPWU8;
						ProvisioningStyle = Automatic;
					};
				};
			};
			buildConfigurationList = 1ABD0B581EA77C450065541C /* Build configuration list for PBXProject "HexagonalMapLib" */;
			compatibilityVersion = "Xcode 3.2";
			developmentRegion = English;
			hasScannedForEncodings = 0;
			knownRegions = (
				en,
			);
			mainGroup = 1ABD0B541EA77C450065541C;
			productRefGroup = 1ABD0B5E1EA77C450065541C /* Products */;
			projectDirPath = "";
			projectRoot = "";
			targets = (
				1ABD0B5C1EA77C450065541C /* HexagonalMapLib */,
			);
		};
/* End PBXProject section */

/* Begin PBXSourcesBuildPhase section */
		1ABD0B591EA77C450065541C /* Sources */ = {
			isa = PBXSourcesBuildPhase;
			buildActionMask = 2147483647;
			files = (
				1ABD0B621EA77C450065541C /* HexagonalMapLib.m in Sources */,
			);
			runOnlyForDeploymentPostprocessing = 0;
		};
/* End PBXSourcesBuildPhase section */

/* Begin XCBuildConfiguration section */
		1ABD0B641EA77C450065541C /* Debug */ = {
			isa = XCBuildConfiguration;
			buildSettings = {
				ALWAYS_SEARCH_USER_PATHS = NO;
				CLANG_ANALYZER_NONNULL = YES;
				CLANG_ANALYZER_NUMBER_OBJECT_CONVERSION = YES_AGGRESSIVE;
				CLANG_CXX_LANGUAGE_STANDARD = "gnu++0x";
				CLANG_CXX_LIBRARY = "libc++";
				CLANG_ENABLE_MODULES = YES;
				CLANG_ENABLE_OBJC_ARC = YES;
				CLANG_WARN_BOOL_CONVERSION = YES;
				CLANG_WARN_CONSTANT_CONVERSION = YES;
				CLANG_WARN_DIRECT_OBJC_ISA_USAGE = YES_ERROR;
				CLANG_WARN_DOCUMENTATION_COMMENTS = YES;
				CLANG_WARN_EMPTY_BODY = YES;
				CLANG_WARN_ENUM_CONVERSION = YES;
				CLANG_WARN_INFINITE_RECURSION = YES;
				CLANG_WARN_INT_CONVERSION = YES;
				CLANG_WARN_OBJC_ROOT_CLASS = YES_ERROR;
				CLANG_WARN_SUSPICIOUS_MOVE = YES;
				CLANG_WARN_UNREACHABLE_CODE = YES;
				CLANG_WARN__DUPLICATE_METHOD_MATCH = YES;
				"CODE_SIGN_IDENTITY[sdk=iphoneos*]" = "iPhone Developer";
				COPY_PHASE_STRIP = NO;
				DEBUG_INFORMATION_FORMAT = dwarf;
				ENABLE_STRICT_OBJC_MSGSEND = YES;
				ENABLE_TESTABILITY = YES;
				GCC_C_LANGUAGE_STANDARD = gnu99;
				GCC_DYNAMIC_NO_PIC = NO;
				GCC_NO_COMMON_BLOCKS = YES;
				GCC_OPTIMIZATION_LEVEL = 0;
				GCC_PREPROCESSOR_DEFINITIONS = (
					"DEBUG=1",
					"$(inherited)",
				);
				GCC_WARN_64_TO_32_BIT_CONVERSION = YES;
				GCC_WARN_ABOUT_RETURN_TYPE = YES_ERROR;
				GCC_WARN_UNDECLARED_SELECTOR = YES;
				GCC_WARN_UNINITIALIZED_AUTOS = YES_AGGRESSIVE;
				GCC_WARN_UNUSED_FUNCTION = YES;
				GCC_WARN_UNUSED_VARIABLE = YES;
				IPHONEOS_DEPLOYMENT_TARGET = 10.3;
				MTL_ENABLE_DEBUG_INFO = YES;
				ONLY_ACTIVE_ARCH = YES;
				SDKROOT = iphoneos;
			};
			name = Debug;
		};
		1ABD0B651EA77C450065541C /* Release */ = {
			isa = XCBuildConfiguration;
			buildSettings = {
				ALWAYS_SEARCH_USER_PATHS = NO;
				CLANG_ANALYZER_NONNULL = YES;
				CLANG_ANALYZER_NUMBER_OBJECT_CONVERSION = YES_AGGRESSIVE;
				CLANG_CXX_LANGUAGE_STANDARD = "gnu++0x";
				CLANG_CXX_LIBRARY = "libc++";
				CLANG_ENABLE_MODULES = YES;
				CLANG_ENABLE_OBJC_ARC = YES;
				CLANG_WARN_BOOL_CONVERSION = YES;
				CLANG_WARN_CONSTANT_CONVERSION = YES;
				CLANG_WARN_DIRECT_OBJC_ISA_USAGE = YES_ERROR;
				CLANG_WARN_DOCUMENTATION_COMMENTS = YES;
				CLANG_WARN_EMPTY_BODY = YES;
				CLANG_WARN_ENUM_CONVERSION = YES;
				CLANG_WARN_INFINITE_RECURSION = YES;
				CLANG_WARN_INT_CONVERSION = YES;
				CLANG_WARN_OBJC_ROOT_CLASS = YES_ERROR;
				CLANG_WARN_SUSPICIOUS_MOVE = YES;
				CLANG_WARN_UNREACHABLE_CODE = YES;
				CLANG_WARN__DUPLICATE_METHOD_MATCH = YES;
				"CODE_SIGN_IDENTITY[sdk=iphoneos*]" = "iPhone Developer";
				COPY_PHASE_STRIP = NO;
				DEBUG_INFORMATION_FORMAT = "dwarf-with-dsym";
				ENABLE_NS_ASSERTIONS = NO;
				ENABLE_STRICT_OBJC_MSGSEND = YES;
				GCC_C_LANGUAGE_STANDARD = gnu99;
				GCC_NO_COMMON_BLOCKS = YES;
				GCC_WARN_64_TO_32_BIT_CONVERSION = YES;
				GCC_WARN_ABOUT_RETURN_TYPE = YES_ERROR;
				GCC_WARN_UNDECLARED_SELECTOR = YES;
				GCC_WARN_UNINITIALIZED_AUTOS = YES_AGGRESSIVE;
				GCC_WARN_UNUSED_FUNCTION = YES;
				GCC_WARN_UNUSED_VARIABLE = YES;
				IPHONEOS_DEPLOYMENT_TARGET = 10.3;
				MTL_ENABLE_DEBUG_INFO = NO;
				SDKROOT = iphoneos;
				VALIDATE_PRODUCT = YES;
			};
			name = Release;
		};
		1ABD0B671EA77C450065541C /* Debug */ = {
			isa = XCBuildConfiguration;
			buildSettings = {
				DEVELOPMENT_TEAM = CMUQ7NPWU8;
				OTHER_LDFLAGS = "-ObjC";
				PRODUCT_NAME = "$(TARGET_NAME)";
				SKIP_INSTALL = YES;
			};
			name = Debug;
		};
		1ABD0B681EA77C450065541C /* Release */ = {
			isa = XCBuildConfiguration;
			buildSettings = {
				DEVELOPMENT_TEAM = CMUQ7NPWU8;
				OTHER_LDFLAGS = "-ObjC";
				PRODUCT_NAME = "$(TARGET_NAME)";
				SKIP_INSTALL = YES;
			};
			name = Release;
		};
/* End XCBuildConfiguration section */

/* Begin XCConfigurationList section */
		1ABD0B581EA77C450065541C /* Build configuration list for PBXProject "HexagonalMapLib" */ = {
			isa = XCConfigurationList;
			buildConfigurations = (
				1ABD0B641EA77C450065541C /* Debug */,
				1ABD0B651EA77C450065541C /* Release */,
			);
			defaultConfigurationIsVisible = 0;
			defaultConfigurationName = Release;
		};
		1ABD0B661EA77C450065541C /* Build configuration list for PBXNativeTarget "HexagonalMapLib" */ = {
			isa = XCConfigurationList;
			buildConfigurations = (
				1ABD0B671EA77C450065541C /* Debug */,
				1ABD0B681EA77C450065541C /* Release */,
			);
			defaultConfigurationIsVisible = 0;
		};
/* End XCConfigurationList section */
	};
	rootObject = 1ABD0B551EA77C450065541C /* Project object */;
}
